// !$*UTF8*$!
{
	archiveVersion = 1;
	classes = {
	};
	objectVersion = 50;
	objects = {

/* Begin PBXBuildFile section */
		4B3C8AD3210643FC0053877E /* AppDelegate.swift in Sources */ = {isa = PBXBuildFile; fileRef = 4B3C8AD2210643FC0053877E /* AppDelegate.swift */; };
		4B3C8AD5210643FC0053877E /* ViewController.swift in Sources */ = {isa = PBXBuildFile; fileRef = 4B3C8AD4210643FC0053877E /* ViewController.swift */; };
		4B3C8AD8210643FC0053877E /* Main.storyboard in Resources */ = {isa = PBXBuildFile; fileRef = 4B3C8AD6210643FC0053877E /* Main.storyboard */; };
		4B3C8ADA210643FD0053877E /* Assets.xcassets in Resources */ = {isa = PBXBuildFile; fileRef = 4B3C8AD9210643FD0053877E /* Assets.xcassets */; };
		4B3C8ADD210643FD0053877E /* LaunchScreen.storyboard in Resources */ = {isa = PBXBuildFile; fileRef = 4B3C8ADB210643FD0053877E /* LaunchScreen.storyboard */; };
		4BCAFB9A21068DCF00556C7A /* DisplayLocationTableViewController.swift in Sources */ = {isa = PBXBuildFile; fileRef = 4BCAFB9921068DCF00556C7A /* DisplayLocationTableViewController.swift */; };
		4BCAFB9C21068F3E00556C7A /* DisplayLocationTableViewCell.swift in Sources */ = {isa = PBXBuildFile; fileRef = 4BCAFB9B21068F3E00556C7A /* DisplayLocationTableViewCell.swift */; };
		4BCAFB9E2106925100556C7A /* ModifyLocationViewController.swift in Sources */ = {isa = PBXBuildFile; fileRef = 4BCAFB9D2106925100556C7A /* ModifyLocationViewController.swift */; };
		4BCAFBA321079ADC00556C7A /* CoreDataHelper.swift in Sources */ = {isa = PBXBuildFile; fileRef = 4BCAFBA221079ADC00556C7A /* CoreDataHelper.swift */; };
		4BCAFBA621079D6800556C7A /* MapText.xcdatamodeld in Sources */ = {isa = PBXBuildFile; fileRef = 4BCAFBA421079D6800556C7A /* MapText.xcdatamodeld */; };
/* End PBXBuildFile section */

/* Begin PBXFileReference section */
		4B3C8ACF210643FC0053877E /* MapText.app */ = {isa = PBXFileReference; explicitFileType = wrapper.application; includeInIndex = 0; path = MapText.app; sourceTree = BUILT_PRODUCTS_DIR; };
		4B3C8AD2210643FC0053877E /* AppDelegate.swift */ = {isa = PBXFileReference; lastKnownFileType = sourcecode.swift; path = AppDelegate.swift; sourceTree = "<group>"; };
		4B3C8AD4210643FC0053877E /* ViewController.swift */ = {isa = PBXFileReference; lastKnownFileType = sourcecode.swift; path = ViewController.swift; sourceTree = "<group>"; };
		4B3C8AD7210643FC0053877E /* Base */ = {isa = PBXFileReference; lastKnownFileType = file.storyboard; name = Base; path = Base.lproj/Main.storyboard; sourceTree = "<group>"; };
		4B3C8AD9210643FD0053877E /* Assets.xcassets */ = {isa = PBXFileReference; lastKnownFileType = folder.assetcatalog; path = Assets.xcassets; sourceTree = "<group>"; };
		4B3C8ADC210643FD0053877E /* Base */ = {isa = PBXFileReference; lastKnownFileType = file.storyboard; name = Base; path = Base.lproj/LaunchScreen.storyboard; sourceTree = "<group>"; };
		4B3C8ADE210643FD0053877E /* Info.plist */ = {isa = PBXFileReference; lastKnownFileType = text.plist.xml; path = Info.plist; sourceTree = "<group>"; };
		4BCAFB9921068DCF00556C7A /* DisplayLocationTableViewController.swift */ = {isa = PBXFileReference; lastKnownFileType = sourcecode.swift; path = DisplayLocationTableViewController.swift; sourceTree = "<group>"; };
		4BCAFB9B21068F3E00556C7A /* DisplayLocationTableViewCell.swift */ = {isa = PBXFileReference; lastKnownFileType = sourcecode.swift; path = DisplayLocationTableViewCell.swift; sourceTree = "<group>"; };
		4BCAFB9D2106925100556C7A /* ModifyLocationViewController.swift */ = {isa = PBXFileReference; lastKnownFileType = sourcecode.swift; path = ModifyLocationViewController.swift; sourceTree = "<group>"; };
		4BCAFBA221079ADC00556C7A /* CoreDataHelper.swift */ = {isa = PBXFileReference; lastKnownFileType = sourcecode.swift; path = CoreDataHelper.swift; sourceTree = "<group>"; };
		4BCAFBA521079D6800556C7A /* MapText.xcdatamodel */ = {isa = PBXFileReference; lastKnownFileType = wrapper.xcdatamodel; path = MapText.xcdatamodel; sourceTree = "<group>"; };
/* End PBXFileReference section */

/* Begin PBXFrameworksBuildPhase section */
		4B3C8ACC210643FC0053877E /* Frameworks */ = {
			isa = PBXFrameworksBuildPhase;
			buildActionMask = 2147483647;
			files = (
			);
			runOnlyForDeploymentPostprocessing = 0;
		};
/* End PBXFrameworksBuildPhase section */

/* Begin PBXGroup section */
		4B3C8AC6210643FC0053877E = {
			isa = PBXGroup;
			children = (
				4B3C8AD1210643FC0053877E /* MapText */,
				4B3C8AD0210643FC0053877E /* Products */,
			);
			sourceTree = "<group>";
		};
		4B3C8AD0210643FC0053877E /* Products */ = {
			isa = PBXGroup;
			children = (
				4B3C8ACF210643FC0053877E /* MapText.app */,
			);
			name = Products;
			sourceTree = "<group>";
		};
		4B3C8AD1210643FC0053877E /* MapText */ = {
			isa = PBXGroup;
			children = (
				4B3C8AD2210643FC0053877E /* AppDelegate.swift */,
				4BCAFBA121079ACF00556C7A /* Helpers */,
				4B3C8AEB210649FA0053877E /* Services */,
				4B3C8AE82106497A0053877E /* Views */,
				4B3C8AE7210649700053877E /* Controllers */,
				4B3C8AE6210649540053877E /* Storyboards */,
				4B3C8AE52106493F0053877E /* Supporting Files */,
				4B3C8AE4210648EA0053877E /* Models */,
			);
			path = MapText;
			sourceTree = "<group>";
		};
		4B3C8AE4210648EA0053877E /* Models */ = {
			isa = PBXGroup;
			children = (
				4BCAFBA421079D6800556C7A /* MapText.xcdatamodeld */,
			);
			path = Models;
			sourceTree = "<group>";
		};
		4B3C8AE52106493F0053877E /* Supporting Files */ = {
			isa = PBXGroup;
			children = (
				4B3C8ADE210643FD0053877E /* Info.plist */,
				4B3C8AD9210643FD0053877E /* Assets.xcassets */,
			);
			path = "Supporting Files";
			sourceTree = "<group>";
		};
		4B3C8AE6210649540053877E /* Storyboards */ = {
			isa = PBXGroup;
			children = (
				4B3C8AD6210643FC0053877E /* Main.storyboard */,
				4B3C8ADB210643FD0053877E /* LaunchScreen.storyboard */,
			);
			path = Storyboards;
			sourceTree = "<group>";
		};
		4B3C8AE7210649700053877E /* Controllers */ = {
			isa = PBXGroup;
			children = (
				4B3C8AD4210643FC0053877E /* ViewController.swift */,
				4BCAFB9921068DCF00556C7A /* DisplayLocationTableViewController.swift */,
				4BCAFB9D2106925100556C7A /* ModifyLocationViewController.swift */,
			);
			path = Controllers;
			sourceTree = "<group>";
		};
		4B3C8AE82106497A0053877E /* Views */ = {
			isa = PBXGroup;
			children = (
				4BCAFB9B21068F3E00556C7A /* DisplayLocationTableViewCell.swift */,
			);
			path = Views;
			sourceTree = "<group>";
		};
		4B3C8AEB210649FA0053877E /* Services */ = {
			isa = PBXGroup;
			children = (
			);
			path = Services;
			sourceTree = "<group>";
		};
		4BCAFBA121079ACF00556C7A /* Helpers */ = {
			isa = PBXGroup;
			children = (
				4BCAFBA221079ADC00556C7A /* CoreDataHelper.swift */,
			);
			path = Helpers;
			sourceTree = "<group>";
		};
/* End PBXGroup section */

/* Begin PBXNativeTarget section */
		4B3C8ACE210643FC0053877E /* MapText */ = {
			isa = PBXNativeTarget;
			buildConfigurationList = 4B3C8AE1210643FD0053877E /* Build configuration list for PBXNativeTarget "MapText" */;
			buildPhases = (
				4B3C8ACB210643FC0053877E /* Sources */,
				4B3C8ACC210643FC0053877E /* Frameworks */,
				4B3C8ACD210643FC0053877E /* Resources */,
			);
			buildRules = (
			);
			dependencies = (
			);
			name = MapText;
			productName = MapText;
			productReference = 4B3C8ACF210643FC0053877E /* MapText.app */;
			productType = "com.apple.product-type.application";
		};
/* End PBXNativeTarget section */

/* Begin PBXProject section */
		4B3C8AC7210643FC0053877E /* Project object */ = {
			isa = PBXProject;
			attributes = {
				LastSwiftUpdateCheck = 0940;
				LastUpgradeCheck = 0940;
				ORGANIZATIONNAME = "Ronald Chan";
				TargetAttributes = {
					4B3C8ACE210643FC0053877E = {
						CreatedOnToolsVersion = 9.4.1;
					};
				};
			};
			buildConfigurationList = 4B3C8ACA210643FC0053877E /* Build configuration list for PBXProject "MapText" */;
			compatibilityVersion = "Xcode 9.3";
			developmentRegion = en;
			hasScannedForEncodings = 0;
			knownRegions = (
				en,
				Base,
			);
			mainGroup = 4B3C8AC6210643FC0053877E;
			productRefGroup = 4B3C8AD0210643FC0053877E /* Products */;
			projectDirPath = "";
			projectRoot = "";
			targets = (
				4B3C8ACE210643FC0053877E /* MapText */,
			);
		};
/* End PBXProject section */

/* Begin PBXResourcesBuildPhase section */
		4B3C8ACD210643FC0053877E /* Resources */ = {
			isa = PBXResourcesBuildPhase;
			buildActionMask = 2147483647;
			files = (
				4B3C8ADD210643FD0053877E /* LaunchScreen.storyboard in Resources */,
				4B3C8ADA210643FD0053877E /* Assets.xcassets in Resources */,
				4B3C8AD8210643FC0053877E /* Main.storyboard in Resources */,
			);
			runOnlyForDeploymentPostprocessing = 0;
		};
/* End PBXResourcesBuildPhase section */

/* Begin PBXSourcesBuildPhase section */
		4B3C8ACB210643FC0053877E /* Sources */ = {
			isa = PBXSourcesBuildPhase;
			buildActionMask = 2147483647;
			files = (
				4BCAFB9C21068F3E00556C7A /* DisplayLocationTableViewCell.swift in Sources */,
				4B3C8AD5210643FC0053877E /* ViewController.swift in Sources */,
				4BCAFB9E2106925100556C7A /* ModifyLocationViewController.swift in Sources */,
				4BCAFBA321079ADC00556C7A /* CoreDataHelper.swift in Sources */,
				4B3C8AD3210643FC0053877E /* AppDelegate.swift in Sources */,
				4BCAFB9A21068DCF00556C7A /* DisplayLocationTableViewController.swift in Sources */,
				4BCAFBA621079D6800556C7A /* MapText.xcdatamodeld in Sources */,
			);
			runOnlyForDeploymentPostprocessing = 0;
		};
/* End PBXSourcesBuildPhase section */

/* Begin PBXVariantGroup section */
		4B3C8AD6210643FC0053877E /* Main.storyboard */ = {
			isa = PBXVariantGroup;
			children = (
				4B3C8AD7210643FC0053877E /* Base */,
			);
			name = Main.storyboard;
			sourceTree = "<group>";
		};
		4B3C8ADB210643FD0053877E /* LaunchScreen.storyboard */ = {
			isa = PBXVariantGroup;
			children = (
				4B3C8ADC210643FD0053877E /* Base */,
			);
			name = LaunchScreen.storyboard;
			sourceTree = "<group>";
		};
/* End PBXVariantGroup section */

/* Begin XCBuildConfiguration section */
		4B3C8ADF210643FD0053877E /* Debug */ = {
			isa = XCBuildConfiguration;
			buildSettings = {
				ALWAYS_SEARCH_USER_PATHS = NO;
				CLANG_ANALYZER_NONNULL = YES;
				CLANG_ANALYZER_NUMBER_OBJECT_CONVERSION = YES_AGGRESSIVE;
				CLANG_CXX_LANGUAGE_STANDARD = "gnu++14";
				CLANG_CXX_LIBRARY = "libc++";
				CLANG_ENABLE_MODULES = YES;
				CLANG_ENABLE_OBJC_ARC = YES;
				CLANG_ENABLE_OBJC_WEAK = YES;
				CLANG_WARN_BLOCK_CAPTURE_AUTORELEASING = YES;
				CLANG_WARN_BOOL_CONVERSION = YES;
				CLANG_WARN_COMMA = YES;
				CLANG_WARN_CONSTANT_CONVERSION = YES;
				CLANG_WARN_DEPRECATED_OBJC_IMPLEMENTATIONS = YES;
				CLANG_WARN_DIRECT_OBJC_ISA_USAGE = YES_ERROR;
				CLANG_WARN_DOCUMENTATION_COMMENTS = YES;
				CLANG_WARN_EMPTY_BODY = YES;
				CLANG_WARN_ENUM_CONVERSION = YES;
				CLANG_WARN_INFINITE_RECURSION = YES;
				CLANG_WARN_INT_CONVERSION = YES;
				CLANG_WARN_NON_LITERAL_NULL_CONVERSION = YES;
				CLANG_WARN_OBJC_IMPLICIT_RETAIN_SELF = YES;
				CLANG_WARN_OBJC_LITERAL_CONVERSION = YES;
				CLANG_WARN_OBJC_ROOT_CLASS = YES_ERROR;
				CLANG_WARN_RANGE_LOOP_ANALYSIS = YES;
				CLANG_WARN_STRICT_PROTOTYPES = YES;
				CLANG_WARN_SUSPICIOUS_MOVE = YES;
				CLANG_WARN_UNGUARDED_AVAILABILITY = YES_AGGRESSIVE;
				CLANG_WARN_UNREACHABLE_CODE = YES;
				CLANG_WARN__DUPLICATE_METHOD_MATCH = YES;
				CODE_SIGN_IDENTITY = "iPhone Developer";
				COPY_PHASE_STRIP = NO;
				DEBUG_INFORMATION_FORMAT = dwarf;
				ENABLE_STRICT_OBJC_MSGSEND = YES;
				ENABLE_TESTABILITY = YES;
				GCC_C_LANGUAGE_STANDARD = gnu11;
				GCC_DYNAMIC_NO_PIC = NO;
				GCC_NO_COMMON_BLOCKS = YES;
				GCC_OPTIMIZATION_LEVEL = 0;
				GCC_PREPROCESSOR_DEFINITIONS = (
					"DEBUG=1",
					"$(inherited)",
				);
				GCC_WARN_64_TO_32_BIT_CONVERSION = YES;
				GCC_WARN_ABOUT_RETURN_TYPE = YES_ERROR;
				GCC_WARN_UNDECLARED_SELECTOR = YES;
				GCC_WARN_UNINITIALIZED_AUTOS = YES_AGGRESSIVE;
				GCC_WARN_UNUSED_FUNCTION = YES;
				GCC_WARN_UNUSED_VARIABLE = YES;
				IPHONEOS_DEPLOYMENT_TARGET = 11.4;
				MTL_ENABLE_DEBUG_INFO = YES;
				ONLY_ACTIVE_ARCH = YES;
				SDKROOT = iphoneos;
				SWIFT_ACTIVE_COMPILATION_CONDITIONS = DEBUG;
				SWIFT_OPTIMIZATION_LEVEL = "-Onone";
			};
			name = Debug;
		};
		4B3C8AE0210643FD0053877E /* Release */ = {
			isa = XCBuildConfiguration;
			buildSettings = {
				ALWAYS_SEARCH_USER_PATHS = NO;
				CLANG_ANALYZER_NONNULL = YES;
				CLANG_ANALYZER_NUMBER_OBJECT_CONVERSION = YES_AGGRESSIVE;
				CLANG_CXX_LANGUAGE_STANDARD = "gnu++14";
				CLANG_CXX_LIBRARY = "libc++";
				CLANG_ENABLE_MODULES = YES;
				CLANG_ENABLE_OBJC_ARC = YES;
				CLANG_ENABLE_OBJC_WEAK = YES;
				CLANG_WARN_BLOCK_CAPTURE_AUTORELEASING = YES;
				CLANG_WARN_BOOL_CONVERSION = YES;
				CLANG_WARN_COMMA = YES;
				CLANG_WARN_CONSTANT_CONVERSION = YES;
				CLANG_WARN_DEPRECATED_OBJC_IMPLEMENTATIONS = YES;
				CLANG_WARN_DIRECT_OBJC_ISA_USAGE = YES_ERROR;
				CLANG_WARN_DOCUMENTATION_COMMENTS = YES;
				CLANG_WARN_EMPTY_BODY = YES;
				CLANG_WARN_ENUM_CONVERSION = YES;
				CLANG_WARN_INFINITE_RECURSION = YES;
				CLANG_WARN_INT_CONVERSION = YES;
				CLANG_WARN_NON_LITERAL_NULL_CONVERSION = YES;
				CLANG_WARN_OBJC_IMPLICIT_RETAIN_SELF = YES;
				CLANG_WARN_OBJC_LITERAL_CONVERSION = YES;
				CLANG_WARN_OBJC_ROOT_CLASS = YES_ERROR;
				CLANG_WARN_RANGE_LOOP_ANALYSIS = YES;
				CLANG_WARN_STRICT_PROTOTYPES = YES;
				CLANG_WARN_SUSPICIOUS_MOVE = YES;
				CLANG_WARN_UNGUARDED_AVAILABILITY = YES_AGGRESSIVE;
				CLANG_WARN_UNREACHABLE_CODE = YES;
				CLANG_WARN__DUPLICATE_METHOD_MATCH = YES;
				CODE_SIGN_IDENTITY = "iPhone Developer";
				COPY_PHASE_STRIP = NO;
				DEBUG_INFORMATION_FORMAT = "dwarf-with-dsym";
				ENABLE_NS_ASSERTIONS = NO;
				ENABLE_STRICT_OBJC_MSGSEND = YES;
				GCC_C_LANGUAGE_STANDARD = gnu11;
				GCC_NO_COMMON_BLOCKS = YES;
				GCC_WARN_64_TO_32_BIT_CONVERSION = YES;
				GCC_WARN_ABOUT_RETURN_TYPE = YES_ERROR;
				GCC_WARN_UNDECLARED_SELECTOR = YES;
				GCC_WARN_UNINITIALIZED_AUTOS = YES_AGGRESSIVE;
				GCC_WARN_UNUSED_FUNCTION = YES;
				GCC_WARN_UNUSED_VARIABLE = YES;
				IPHONEOS_DEPLOYMENT_TARGET = 11.4;
				MTL_ENABLE_DEBUG_INFO = NO;
				SDKROOT = iphoneos;
				SWIFT_COMPILATION_MODE = wholemodule;
				SWIFT_OPTIMIZATION_LEVEL = "-O";
				VALIDATE_PRODUCT = YES;
			};
			name = Release;
		};
		4B3C8AE2210643FD0053877E /* Debug */ = {
			isa = XCBuildConfiguration;
			buildSettings = {
				ASSETCATALOG_COMPILER_APPICON_NAME = AppIcon;
				CODE_SIGN_STYLE = Automatic;
				DEVELOPMENT_TEAM = 45666R9663;
				INFOPLIST_FILE = "$(SRCROOT)/MapText/Supporting Files/Info.plist";
				LD_RUNPATH_SEARCH_PATHS = (
					"$(inherited)",
					"@executable_path/Frameworks",
				);
				PRODUCT_BUNDLE_IDENTIFIER = RC.MapText;
				PRODUCT_NAME = "$(TARGET_NAME)";
				SWIFT_VERSION = 4.0;
				TARGETED_DEVICE_FAMILY = "1,2";
			};
			name = Debug;
		};
		4B3C8AE3210643FD0053877E /* Release */ = {
			isa = XCBuildConfiguration;
			buildSettings = {
				ASSETCATALOG_COMPILER_APPICON_NAME = AppIcon;
				CODE_SIGN_STYLE = Automatic;
				DEVELOPMENT_TEAM = 45666R9663;
				INFOPLIST_FILE = "$(SRCROOT)/MapText/Supporting Files/Info.plist";
				LD_RUNPATH_SEARCH_PATHS = (
					"$(inherited)",
					"@executable_path/Frameworks",
				);
				PRODUCT_BUNDLE_IDENTIFIER = RC.MapText;
				PRODUCT_NAME = "$(TARGET_NAME)";
				SWIFT_VERSION = 4.0;
				TARGETED_DEVICE_FAMILY = "1,2";
			};
			name = Release;
		};
/* End XCBuildConfiguration section */

/* Begin XCConfigurationList section */
		4B3C8ACA210643FC0053877E /* Build configuration list for PBXProject "MapText" */ = {
			isa = XCConfigurationList;
			buildConfigurations = (
				4B3C8ADF210643FD0053877E /* Debug */,
				4B3C8AE0210643FD0053877E /* Release */,
			);
			defaultConfigurationIsVisible = 0;
			defaultConfigurationName = Release;
		};
		4B3C8AE1210643FD0053877E /* Build configuration list for PBXNativeTarget "MapText" */ = {
			isa = XCConfigurationList;
			buildConfigurations = (
				4B3C8AE2210643FD0053877E /* Debug */,
				4B3C8AE3210643FD0053877E /* Release */,
			);
			defaultConfigurationIsVisible = 0;
			defaultConfigurationName = Release;
		};
/* End XCConfigurationList section */

/* Begin XCVersionGroup section */
		4BCAFBA421079D6800556C7A /* MapText.xcdatamodeld */ = {
			isa = XCVersionGroup;
			children = (
				4BCAFBA521079D6800556C7A /* MapText.xcdatamodel */,
			);
			currentVersion = 4BCAFBA521079D6800556C7A /* MapText.xcdatamodel */;
			path = MapText.xcdatamodeld;
			sourceTree = "<group>";
			versionGroupType = wrapper.xcdatamodel;
		};
/* End XCVersionGroup section */
	};
	rootObject = 4B3C8AC7210643FC0053877E /* Project object */;
}
