// !$*UTF8*$!
{
	archiveVersion = 1;
	classes = {
	};
	objectVersion = 50;
	objects = {

/* Begin PBXBuildFile section */
		4B3C8AD3210643FC0053877E /* AppDelegate.swift in Sources */ = {isa = PBXBuildFile; fileRef = 4B3C8AD2210643FC0053877E /* AppDelegate.swift */; };
		4B3C8AD8210643FC0053877E /* Main.storyboard in Resources */ = {isa = PBXBuildFile; fileRef = 4B3C8AD6210643FC0053877E /* Main.storyboard */; };
		4B3C8ADA210643FD0053877E /* Assets.xcassets in Resources */ = {isa = PBXBuildFile; fileRef = 4B3C8AD9210643FD0053877E /* Assets.xcassets */; };
		4B3C8ADD210643FD0053877E /* LaunchScreen.storyboard in Resources */ = {isa = PBXBuildFile; fileRef = 4B3C8ADB210643FD0053877E /* LaunchScreen.storyboard */; };
		4B55C74B210F8AE000A5E6F4 /* Login.storyboard in Resources */ = {isa = PBXBuildFile; fileRef = 4B55C74A210F8AE000A5E6F4 /* Login.storyboard */; };
		4B55C74D210F8B1600A5E6F4 /* LoginViewController.swift in Sources */ = {isa = PBXBuildFile; fileRef = 4B55C74C210F8B1600A5E6F4 /* LoginViewController.swift */; };
		4B55C74F210F8E2B00A5E6F4 /* User.swift in Sources */ = {isa = PBXBuildFile; fileRef = 4B55C74E210F8E2B00A5E6F4 /* User.swift */; };
		4B55C751210F8EC600A5E6F4 /* CreateUsernameViewController.swift in Sources */ = {isa = PBXBuildFile; fileRef = 4B55C750210F8EC600A5E6F4 /* CreateUsernameViewController.swift */; };
		4B55C753210F92C000A5E6F4 /* GoogleService-Info.plist in Resources */ = {isa = PBXBuildFile; fileRef = 4B55C752210F92C000A5E6F4 /* GoogleService-Info.plist */; };
		4B55C755210FC46300A5E6F4 /* UserService.swift in Sources */ = {isa = PBXBuildFile; fileRef = 4B55C754210FC46300A5E6F4 /* UserService.swift */; };
		4B55C757210FC92E00A5E6F4 /* Constants.swift in Sources */ = {isa = PBXBuildFile; fileRef = 4B55C756210FC92E00A5E6F4 /* Constants.swift */; };
		4B55C75A210FC9A000A5E6F4 /* Storyboard+Utility.swift in Sources */ = {isa = PBXBuildFile; fileRef = 4B55C759210FC9A000A5E6F4 /* Storyboard+Utility.swift */; };
		4B55C75C2110C13100A5E6F4 /* LocationService.swift in Sources */ = {isa = PBXBuildFile; fileRef = 4B55C75B2110C13100A5E6F4 /* LocationService.swift */; };
		4B55C7602110FE8600A5E6F4 /* NotificationLocation.swift in Sources */ = {isa = PBXBuildFile; fileRef = 4B55C75F2110FE8600A5E6F4 /* NotificationLocation.swift */; };
		4B55C7642112291200A5E6F4 /* EditLocationViewController.swift in Sources */ = {isa = PBXBuildFile; fileRef = 4B55C7632112291200A5E6F4 /* EditLocationViewController.swift */; };
		4B55C7662112294200A5E6F4 /* EditPhoneNumbersViewController.swift in Sources */ = {isa = PBXBuildFile; fileRef = 4B55C7652112294200A5E6F4 /* EditPhoneNumbersViewController.swift */; };
		4B55C7682112296800A5E6F4 /* EditLocationDetailsViewController.swift in Sources */ = {isa = PBXBuildFile; fileRef = 4B55C7672112296800A5E6F4 /* EditLocationDetailsViewController.swift */; };
		4B55C76A21126AED00A5E6F4 /* TextService.swift in Sources */ = {isa = PBXBuildFile; fileRef = 4B55C76921126AED00A5E6F4 /* TextService.swift */; };
		4B6B7B18210A5F3000800F28 /* SMSHelper.swift in Sources */ = {isa = PBXBuildFile; fileRef = 4B6B7B17210A5F3000800F28 /* SMSHelper.swift */; };
		4BCAFB9A21068DCF00556C7A /* DisplayLocationTableViewController.swift in Sources */ = {isa = PBXBuildFile; fileRef = 4BCAFB9921068DCF00556C7A /* DisplayLocationTableViewController.swift */; };
		4BCAFB9C21068F3E00556C7A /* DisplayLocationTableViewCell.swift in Sources */ = {isa = PBXBuildFile; fileRef = 4BCAFB9B21068F3E00556C7A /* DisplayLocationTableViewCell.swift */; };
		7BD1A8B204EB3E33978A1C34 /* Pods_MapText.framework in Frameworks */ = {isa = PBXBuildFile; fileRef = E1E3672D00E152B4FCFF3DE2 /* Pods_MapText.framework */; };
/* End PBXBuildFile section */

/* Begin PBXFileReference section */
		4B3C8ACF210643FC0053877E /* MapText.app */ = {isa = PBXFileReference; explicitFileType = wrapper.application; includeInIndex = 0; path = MapText.app; sourceTree = BUILT_PRODUCTS_DIR; };
		4B3C8AD2210643FC0053877E /* AppDelegate.swift */ = {isa = PBXFileReference; lastKnownFileType = sourcecode.swift; path = AppDelegate.swift; sourceTree = "<group>"; };
		4B3C8AD7210643FC0053877E /* Base */ = {isa = PBXFileReference; lastKnownFileType = file.storyboard; name = Base; path = Base.lproj/Main.storyboard; sourceTree = "<group>"; };
		4B3C8AD9210643FD0053877E /* Assets.xcassets */ = {isa = PBXFileReference; lastKnownFileType = folder.assetcatalog; path = Assets.xcassets; sourceTree = "<group>"; };
		4B3C8ADC210643FD0053877E /* Base */ = {isa = PBXFileReference; lastKnownFileType = file.storyboard; name = Base; path = Base.lproj/LaunchScreen.storyboard; sourceTree = "<group>"; };
		4B3C8ADE210643FD0053877E /* Info.plist */ = {isa = PBXFileReference; lastKnownFileType = text.plist.xml; path = Info.plist; sourceTree = "<group>"; };
		4B55C74A210F8AE000A5E6F4 /* Login.storyboard */ = {isa = PBXFileReference; lastKnownFileType = file.storyboard; path = Login.storyboard; sourceTree = "<group>"; };
		4B55C74C210F8B1600A5E6F4 /* LoginViewController.swift */ = {isa = PBXFileReference; lastKnownFileType = sourcecode.swift; path = LoginViewController.swift; sourceTree = "<group>"; };
		4B55C74E210F8E2B00A5E6F4 /* User.swift */ = {isa = PBXFileReference; lastKnownFileType = sourcecode.swift; path = User.swift; sourceTree = "<group>"; };
		4B55C750210F8EC600A5E6F4 /* CreateUsernameViewController.swift */ = {isa = PBXFileReference; lastKnownFileType = sourcecode.swift; path = CreateUsernameViewController.swift; sourceTree = "<group>"; };
		4B55C752210F92C000A5E6F4 /* GoogleService-Info.plist */ = {isa = PBXFileReference; fileEncoding = 4; lastKnownFileType = text.plist.xml; name = "GoogleService-Info.plist"; path = "../../../../../Downloads/GoogleService-Info.plist"; sourceTree = "<group>"; };
		4B55C754210FC46300A5E6F4 /* UserService.swift */ = {isa = PBXFileReference; lastKnownFileType = sourcecode.swift; path = UserService.swift; sourceTree = "<group>"; };
		4B55C756210FC92E00A5E6F4 /* Constants.swift */ = {isa = PBXFileReference; lastKnownFileType = sourcecode.swift; path = Constants.swift; sourceTree = "<group>"; };
		4B55C759210FC9A000A5E6F4 /* Storyboard+Utility.swift */ = {isa = PBXFileReference; lastKnownFileType = sourcecode.swift; path = "Storyboard+Utility.swift"; sourceTree = "<group>"; };
		4B55C75B2110C13100A5E6F4 /* LocationService.swift */ = {isa = PBXFileReference; lastKnownFileType = sourcecode.swift; path = LocationService.swift; sourceTree = "<group>"; };
		4B55C75F2110FE8600A5E6F4 /* NotificationLocation.swift */ = {isa = PBXFileReference; lastKnownFileType = sourcecode.swift; path = NotificationLocation.swift; sourceTree = "<group>"; };
		4B55C7632112291200A5E6F4 /* EditLocationViewController.swift */ = {isa = PBXFileReference; lastKnownFileType = sourcecode.swift; path = EditLocationViewController.swift; sourceTree = "<group>"; };
		4B55C7652112294200A5E6F4 /* EditPhoneNumbersViewController.swift */ = {isa = PBXFileReference; lastKnownFileType = sourcecode.swift; path = EditPhoneNumbersViewController.swift; sourceTree = "<group>"; };
		4B55C7672112296800A5E6F4 /* EditLocationDetailsViewController.swift */ = {isa = PBXFileReference; lastKnownFileType = sourcecode.swift; path = EditLocationDetailsViewController.swift; sourceTree = "<group>"; };
		4B55C76921126AED00A5E6F4 /* TextService.swift */ = {isa = PBXFileReference; lastKnownFileType = sourcecode.swift; path = TextService.swift; sourceTree = "<group>"; };
		4B6B7B17210A5F3000800F28 /* SMSHelper.swift */ = {isa = PBXFileReference; lastKnownFileType = sourcecode.swift; path = SMSHelper.swift; sourceTree = "<group>"; };
		4BCAFB9921068DCF00556C7A /* DisplayLocationTableViewController.swift */ = {isa = PBXFileReference; lastKnownFileType = sourcecode.swift; path = DisplayLocationTableViewController.swift; sourceTree = "<group>"; };
		4BCAFB9B21068F3E00556C7A /* DisplayLocationTableViewCell.swift */ = {isa = PBXFileReference; lastKnownFileType = sourcecode.swift; path = DisplayLocationTableViewCell.swift; sourceTree = "<group>"; };
		4BCAFBA72108E8AE00556C7A /* MapText.entitlements */ = {isa = PBXFileReference; lastKnownFileType = text.plist.entitlements; path = MapText.entitlements; sourceTree = "<group>"; };
		CA82F9FCA63A8138098038CF /* Pods-MapText.release.xcconfig */ = {isa = PBXFileReference; includeInIndex = 1; lastKnownFileType = text.xcconfig; name = "Pods-MapText.release.xcconfig"; path = "Pods/Target Support Files/Pods-MapText/Pods-MapText.release.xcconfig"; sourceTree = "<group>"; };
		E1E3672D00E152B4FCFF3DE2 /* Pods_MapText.framework */ = {isa = PBXFileReference; explicitFileType = wrapper.framework; includeInIndex = 0; path = Pods_MapText.framework; sourceTree = BUILT_PRODUCTS_DIR; };
		F46449992AE5E6C942F9F6C6 /* Pods-MapText.debug.xcconfig */ = {isa = PBXFileReference; includeInIndex = 1; lastKnownFileType = text.xcconfig; name = "Pods-MapText.debug.xcconfig"; path = "Pods/Target Support Files/Pods-MapText/Pods-MapText.debug.xcconfig"; sourceTree = "<group>"; };
/* End PBXFileReference section */

/* Begin PBXFrameworksBuildPhase section */
		4B3C8ACC210643FC0053877E /* Frameworks */ = {
			isa = PBXFrameworksBuildPhase;
			buildActionMask = 2147483647;
			files = (
				7BD1A8B204EB3E33978A1C34 /* Pods_MapText.framework in Frameworks */,
			);
			runOnlyForDeploymentPostprocessing = 0;
		};
/* End PBXFrameworksBuildPhase section */

/* Begin PBXGroup section */
		4B3C8AC6210643FC0053877E = {
			isa = PBXGroup;
			children = (
				4B3C8AD1210643FC0053877E /* MapText */,
				4B3C8AD0210643FC0053877E /* Products */,
				E300BA8217017AEBCE27339E /* Pods */,
				A5A30B67B4159CB730FE9343 /* Frameworks */,
			);
			sourceTree = "<group>";
		};
		4B3C8AD0210643FC0053877E /* Products */ = {
			isa = PBXGroup;
			children = (
				4B3C8ACF210643FC0053877E /* MapText.app */,
			);
			name = Products;
			sourceTree = "<group>";
		};
		4B3C8AD1210643FC0053877E /* MapText */ = {
			isa = PBXGroup;
			children = (
				4BCAFBA72108E8AE00556C7A /* MapText.entitlements */,
				4B3C8AD2210643FC0053877E /* AppDelegate.swift */,
				4B55C758210FC98400A5E6F4 /* Extensions */,
				4BCAFBA121079ACF00556C7A /* Helpers */,
				4B3C8AEB210649FA0053877E /* Services */,
				4B3C8AE82106497A0053877E /* Views */,
				4B3C8AE7210649700053877E /* Controllers */,
				4B3C8AE6210649540053877E /* Storyboards */,
				4B3C8AE52106493F0053877E /* Supporting Files */,
				4B3C8AE4210648EA0053877E /* Models */,
			);
			path = MapText;
			sourceTree = "<group>";
		};
		4B3C8AE4210648EA0053877E /* Models */ = {
			isa = PBXGroup;
			children = (
				4B55C74E210F8E2B00A5E6F4 /* User.swift */,
				4B55C75F2110FE8600A5E6F4 /* NotificationLocation.swift */,
			);
			path = Models;
			sourceTree = "<group>";
		};
		4B3C8AE52106493F0053877E /* Supporting Files */ = {
			isa = PBXGroup;
			children = (
				4B3C8ADE210643FD0053877E /* Info.plist */,
				4B55C752210F92C000A5E6F4 /* GoogleService-Info.plist */,
				4B3C8AD9210643FD0053877E /* Assets.xcassets */,
				4B55C756210FC92E00A5E6F4 /* Constants.swift */,
			);
			path = "Supporting Files";
			sourceTree = "<group>";
		};
		4B3C8AE6210649540053877E /* Storyboards */ = {
			isa = PBXGroup;
			children = (
				4B3C8AD6210643FC0053877E /* Main.storyboard */,
				4B55C74A210F8AE000A5E6F4 /* Login.storyboard */,
				4B3C8ADB210643FD0053877E /* LaunchScreen.storyboard */,
			);
			path = Storyboards;
			sourceTree = "<group>";
		};
		4B3C8AE7210649700053877E /* Controllers */ = {
			isa = PBXGroup;
			children = (
				4B55C74C210F8B1600A5E6F4 /* LoginViewController.swift */,
				4BCAFB9921068DCF00556C7A /* DisplayLocationTableViewController.swift */,
				4B55C750210F8EC600A5E6F4 /* CreateUsernameViewController.swift */,
				4B55C7672112296800A5E6F4 /* EditLocationDetailsViewController.swift */,
				4B55C7632112291200A5E6F4 /* EditLocationViewController.swift */,
				4B55C7652112294200A5E6F4 /* EditPhoneNumbersViewController.swift */,
			);
			path = Controllers;
			sourceTree = "<group>";
		};
		4B3C8AE82106497A0053877E /* Views */ = {
			isa = PBXGroup;
			children = (
				4BCAFB9B21068F3E00556C7A /* DisplayLocationTableViewCell.swift */,
			);
			path = Views;
			sourceTree = "<group>";
		};
		4B3C8AEB210649FA0053877E /* Services */ = {
			isa = PBXGroup;
			children = (
				4B55C754210FC46300A5E6F4 /* UserService.swift */,
				4B55C75B2110C13100A5E6F4 /* LocationService.swift */,
				4B55C76921126AED00A5E6F4 /* TextService.swift */,
			);
			path = Services;
			sourceTree = "<group>";
		};
		4B55C758210FC98400A5E6F4 /* Extensions */ = {
			isa = PBXGroup;
			children = (
				4B55C759210FC9A000A5E6F4 /* Storyboard+Utility.swift */,
			);
			name = Extensions;
			path = "New Group";
			sourceTree = "<group>";
		};
		4BCAFBA121079ACF00556C7A /* Helpers */ = {
			isa = PBXGroup;
			children = (
				4B6B7B17210A5F3000800F28 /* SMSHelper.swift */,
			);
			path = Helpers;
			sourceTree = "<group>";
		};
		A5A30B67B4159CB730FE9343 /* Frameworks */ = {
			isa = PBXGroup;
			children = (
				E1E3672D00E152B4FCFF3DE2 /* Pods_MapText.framework */,
			);
			name = Frameworks;
			sourceTree = "<group>";
		};
		E300BA8217017AEBCE27339E /* Pods */ = {
			isa = PBXGroup;
			children = (
				F46449992AE5E6C942F9F6C6 /* Pods-MapText.debug.xcconfig */,
				CA82F9FCA63A8138098038CF /* Pods-MapText.release.xcconfig */,
			);
			name = Pods;
			sourceTree = "<group>";
		};
/* End PBXGroup section */

/* Begin PBXNativeTarget section */
		4B3C8ACE210643FC0053877E /* MapText */ = {
			isa = PBXNativeTarget;
			buildConfigurationList = 4B3C8AE1210643FD0053877E /* Build configuration list for PBXNativeTarget "MapText" */;
			buildPhases = (
				A12636B3485D19146C1E4064 /* [CP] Check Pods Manifest.lock */,
				4B3C8ACB210643FC0053877E /* Sources */,
				4B3C8ACC210643FC0053877E /* Frameworks */,
				4B3C8ACD210643FC0053877E /* Resources */,
				C6F57E7C743A80134E03390B /* [CP] Embed Pods Frameworks */,
				C67C5533162E554234F37820 /* [CP] Copy Pods Resources */,
			);
			buildRules = (
			);
			dependencies = (
			);
			name = MapText;
			productName = MapText;
			productReference = 4B3C8ACF210643FC0053877E /* MapText.app */;
			productType = "com.apple.product-type.application";
		};
/* End PBXNativeTarget section */

/* Begin PBXProject section */
		4B3C8AC7210643FC0053877E /* Project object */ = {
			isa = PBXProject;
			attributes = {
				LastSwiftUpdateCheck = 0940;
				LastUpgradeCheck = 0940;
				ORGANIZATIONNAME = "Ronald Chan";
				TargetAttributes = {
					4B3C8ACE210643FC0053877E = {
						CreatedOnToolsVersion = 9.4.1;
						SystemCapabilities = {
							com.apple.ApplicationGroups.iOS = {
								enabled = 0;
							};
							com.apple.BackgroundModes = {
								enabled = 1;
							};
						};
					};
				};
			};
			buildConfigurationList = 4B3C8ACA210643FC0053877E /* Build configuration list for PBXProject "MapText" */;
			compatibilityVersion = "Xcode 9.3";
			developmentRegion = en;
			hasScannedForEncodings = 0;
			knownRegions = (
				en,
				Base,
			);
			mainGroup = 4B3C8AC6210643FC0053877E;
			productRefGroup = 4B3C8AD0210643FC0053877E /* Products */;
			projectDirPath = "";
			projectRoot = "";
			targets = (
				4B3C8ACE210643FC0053877E /* MapText */,
			);
		};
/* End PBXProject section */

/* Begin PBXResourcesBuildPhase section */
		4B3C8ACD210643FC0053877E /* Resources */ = {
			isa = PBXResourcesBuildPhase;
			buildActionMask = 2147483647;
			files = (
				4B3C8ADD210643FD0053877E /* LaunchScreen.storyboard in Resources */,
				4B3C8ADA210643FD0053877E /* Assets.xcassets in Resources */,
				4B55C753210F92C000A5E6F4 /* GoogleService-Info.plist in Resources */,
				4B55C74B210F8AE000A5E6F4 /* Login.storyboard in Resources */,
				4B3C8AD8210643FC0053877E /* Main.storyboard in Resources */,
			);
			runOnlyForDeploymentPostprocessing = 0;
		};
/* End PBXResourcesBuildPhase section */

/* Begin PBXShellScriptBuildPhase section */
		A12636B3485D19146C1E4064 /* [CP] Check Pods Manifest.lock */ = {
			isa = PBXShellScriptBuildPhase;
			buildActionMask = 2147483647;
			files = (
			);
			inputPaths = (
				"${PODS_PODFILE_DIR_PATH}/Podfile.lock",
				"${PODS_ROOT}/Manifest.lock",
			);
			name = "[CP] Check Pods Manifest.lock";
			outputPaths = (
				"$(DERIVED_FILE_DIR)/Pods-MapText-checkManifestLockResult.txt",
			);
			runOnlyForDeploymentPostprocessing = 0;
			shellPath = /bin/sh;
			shellScript = "diff \"${PODS_PODFILE_DIR_PATH}/Podfile.lock\" \"${PODS_ROOT}/Manifest.lock\" > /dev/null\nif [ $? != 0 ] ; then\n    # print error to STDERR\n    echo \"error: The sandbox is not in sync with the Podfile.lock. Run 'pod install' or update your CocoaPods installation.\" >&2\n    exit 1\nfi\n# This output is used by Xcode 'outputs' to avoid re-running this script phase.\necho \"SUCCESS\" > \"${SCRIPT_OUTPUT_FILE_0}\"\n";
			showEnvVarsInLog = 0;
		};
		C67C5533162E554234F37820 /* [CP] Copy Pods Resources */ = {
			isa = PBXShellScriptBuildPhase;
			buildActionMask = 2147483647;
			files = (
			);
			inputPaths = (
				"${SRCROOT}/Pods/Target Support Files/Pods-MapText/Pods-MapText-resources.sh",
				"${PODS_CONFIGURATION_BUILD_DIR}/FirebaseUI/FirebaseAuthUI.bundle",
			);
			name = "[CP] Copy Pods Resources";
			outputPaths = (
				"${TARGET_BUILD_DIR}/${UNLOCALIZED_RESOURCES_FOLDER_PATH}/FirebaseAuthUI.bundle",
			);
			runOnlyForDeploymentPostprocessing = 0;
			shellPath = /bin/sh;
			shellScript = "\"${SRCROOT}/Pods/Target Support Files/Pods-MapText/Pods-MapText-resources.sh\"\n";
			showEnvVarsInLog = 0;
		};
		C6F57E7C743A80134E03390B /* [CP] Embed Pods Frameworks */ = {
			isa = PBXShellScriptBuildPhase;
			buildActionMask = 2147483647;
			files = (
			);
			inputPaths = (
				"${SRCROOT}/Pods/Target Support Files/Pods-MapText/Pods-MapText-frameworks.sh",
				"${BUILT_PRODUCTS_DIR}/Alamofire/Alamofire.framework",
				"${BUILT_PRODUCTS_DIR}/GTMSessionFetcher/GTMSessionFetcher.framework",
				"${BUILT_PRODUCTS_DIR}/GoogleToolboxForMac/GoogleToolboxForMac.framework",
				"${BUILT_PRODUCTS_DIR}/leveldb-library/leveldb.framework",
				"${BUILT_PRODUCTS_DIR}/nanopb/nanopb.framework",
			);
			name = "[CP] Embed Pods Frameworks";
			outputPaths = (
				"${TARGET_BUILD_DIR}/${FRAMEWORKS_FOLDER_PATH}/Alamofire.framework",
				"${TARGET_BUILD_DIR}/${FRAMEWORKS_FOLDER_PATH}/GTMSessionFetcher.framework",
				"${TARGET_BUILD_DIR}/${FRAMEWORKS_FOLDER_PATH}/GoogleToolboxForMac.framework",
				"${TARGET_BUILD_DIR}/${FRAMEWORKS_FOLDER_PATH}/leveldb.framework",
				"${TARGET_BUILD_DIR}/${FRAMEWORKS_FOLDER_PATH}/nanopb.framework",
			);
			runOnlyForDeploymentPostprocessing = 0;
			shellPath = /bin/sh;
			shellScript = "\"${SRCROOT}/Pods/Target Support Files/Pods-MapText/Pods-MapText-frameworks.sh\"\n";
			showEnvVarsInLog = 0;
		};
/* End PBXShellScriptBuildPhase section */

/* Begin PBXSourcesBuildPhase section */
		4B3C8ACB210643FC0053877E /* Sources */ = {
			isa = PBXSourcesBuildPhase;
			buildActionMask = 2147483647;
			files = (
				4B55C7642112291200A5E6F4 /* EditLocationViewController.swift in Sources */,
				4B55C74D210F8B1600A5E6F4 /* LoginViewController.swift in Sources */,
				4B55C76A21126AED00A5E6F4 /* TextService.swift in Sources */,
				4BCAFB9C21068F3E00556C7A /* DisplayLocationTableViewCell.swift in Sources */,
				4B55C7602110FE8600A5E6F4 /* NotificationLocation.swift in Sources */,
				4B55C75A210FC9A000A5E6F4 /* Storyboard+Utility.swift in Sources */,
				4B55C7682112296800A5E6F4 /* EditLocationDetailsViewController.swift in Sources */,
				4B6B7B18210A5F3000800F28 /* SMSHelper.swift in Sources */,
				4B55C75C2110C13100A5E6F4 /* LocationService.swift in Sources */,
				4B3C8AD3210643FC0053877E /* AppDelegate.swift in Sources */,
				4B55C7662112294200A5E6F4 /* EditPhoneNumbersViewController.swift in Sources */,
				4B55C757210FC92E00A5E6F4 /* Constants.swift in Sources */,
				4BCAFB9A21068DCF00556C7A /* DisplayLocationTableViewController.swift in Sources */,
				4B55C755210FC46300A5E6F4 /* UserService.swift in Sources */,
				4B55C74F210F8E2B00A5E6F4 /* User.swift in Sources */,
				4B55C751210F8EC600A5E6F4 /* CreateUsernameViewController.swift in Sources */,
			);
			runOnlyForDeploymentPostprocessing = 0;
		};
/* End PBXSourcesBuildPhase section */

/* Begin PBXVariantGroup section */
		4B3C8AD6210643FC0053877E /* Main.storyboard */ = {
			isa = PBXVariantGroup;
			children = (
				4B3C8AD7210643FC0053877E /* Base */,
			);
			name = Main.storyboard;
			sourceTree = "<group>";
		};
		4B3C8ADB210643FD0053877E /* LaunchScreen.storyboard */ = {
			isa = PBXVariantGroup;
			children = (
				4B3C8ADC210643FD0053877E /* Base */,
			);
			name = LaunchScreen.storyboard;
			sourceTree = "<group>";
		};
/* End PBXVariantGroup section */

/* Begin XCBuildConfiguration section */
		4B3C8ADF210643FD0053877E /* Debug */ = {
			isa = XCBuildConfiguration;
			buildSettings = {
				ALWAYS_SEARCH_USER_PATHS = NO;
				CLANG_ANALYZER_NONNULL = YES;
				CLANG_ANALYZER_NUMBER_OBJECT_CONVERSION = YES_AGGRESSIVE;
				CLANG_CXX_LANGUAGE_STANDARD = "gnu++14";
				CLANG_CXX_LIBRARY = "libc++";
				CLANG_ENABLE_MODULES = YES;
				CLANG_ENABLE_OBJC_ARC = YES;
				CLANG_ENABLE_OBJC_WEAK = YES;
				CLANG_WARN_BLOCK_CAPTURE_AUTORELEASING = YES;
				CLANG_WARN_BOOL_CONVERSION = YES;
				CLANG_WARN_COMMA = YES;
				CLANG_WARN_CONSTANT_CONVERSION = YES;
				CLANG_WARN_DEPRECATED_OBJC_IMPLEMENTATIONS = YES;
				CLANG_WARN_DIRECT_OBJC_ISA_USAGE = YES_ERROR;
				CLANG_WARN_DOCUMENTATION_COMMENTS = YES;
				CLANG_WARN_EMPTY_BODY = YES;
				CLANG_WARN_ENUM_CONVERSION = YES;
				CLANG_WARN_INFINITE_RECURSION = YES;
				CLANG_WARN_INT_CONVERSION = YES;
				CLANG_WARN_NON_LITERAL_NULL_CONVERSION = YES;
				CLANG_WARN_OBJC_IMPLICIT_RETAIN_SELF = YES;
				CLANG_WARN_OBJC_LITERAL_CONVERSION = YES;
				CLANG_WARN_OBJC_ROOT_CLASS = YES_ERROR;
				CLANG_WARN_RANGE_LOOP_ANALYSIS = YES;
				CLANG_WARN_STRICT_PROTOTYPES = YES;
				CLANG_WARN_SUSPICIOUS_MOVE = YES;
				CLANG_WARN_UNGUARDED_AVAILABILITY = YES_AGGRESSIVE;
				CLANG_WARN_UNREACHABLE_CODE = YES;
				CLANG_WARN__DUPLICATE_METHOD_MATCH = YES;
				CODE_SIGN_IDENTITY = "iPhone Developer";
				COPY_PHASE_STRIP = NO;
				DEBUG_INFORMATION_FORMAT = dwarf;
				ENABLE_STRICT_OBJC_MSGSEND = YES;
				ENABLE_TESTABILITY = YES;
				GCC_C_LANGUAGE_STANDARD = gnu11;
				GCC_DYNAMIC_NO_PIC = NO;
				GCC_NO_COMMON_BLOCKS = YES;
				GCC_OPTIMIZATION_LEVEL = 0;
				GCC_PREPROCESSOR_DEFINITIONS = (
					"DEBUG=1",
					"$(inherited)",
				);
				GCC_WARN_64_TO_32_BIT_CONVERSION = YES;
				GCC_WARN_ABOUT_RETURN_TYPE = YES_ERROR;
				GCC_WARN_UNDECLARED_SELECTOR = YES;
				GCC_WARN_UNINITIALIZED_AUTOS = YES_AGGRESSIVE;
				GCC_WARN_UNUSED_FUNCTION = YES;
				GCC_WARN_UNUSED_VARIABLE = YES;
				IPHONEOS_DEPLOYMENT_TARGET = 11.4;
				MTL_ENABLE_DEBUG_INFO = YES;
				ONLY_ACTIVE_ARCH = YES;
				SDKROOT = iphoneos;
				SWIFT_ACTIVE_COMPILATION_CONDITIONS = DEBUG;
				SWIFT_OPTIMIZATION_LEVEL = "-Onone";
			};
			name = Debug;
		};
		4B3C8AE0210643FD0053877E /* Release */ = {
			isa = XCBuildConfiguration;
			buildSettings = {
				ALWAYS_SEARCH_USER_PATHS = NO;
				CLANG_ANALYZER_NONNULL = YES;
				CLANG_ANALYZER_NUMBER_OBJECT_CONVERSION = YES_AGGRESSIVE;
				CLANG_CXX_LANGUAGE_STANDARD = "gnu++14";
				CLANG_CXX_LIBRARY = "libc++";
				CLANG_ENABLE_MODULES = YES;
				CLANG_ENABLE_OBJC_ARC = YES;
				CLANG_ENABLE_OBJC_WEAK = YES;
				CLANG_WARN_BLOCK_CAPTURE_AUTORELEASING = YES;
				CLANG_WARN_BOOL_CONVERSION = YES;
				CLANG_WARN_COMMA = YES;
				CLANG_WARN_CONSTANT_CONVERSION = YES;
				CLANG_WARN_DEPRECATED_OBJC_IMPLEMENTATIONS = YES;
				CLANG_WARN_DIRECT_OBJC_ISA_USAGE = YES_ERROR;
				CLANG_WARN_DOCUMENTATION_COMMENTS = YES;
				CLANG_WARN_EMPTY_BODY = YES;
				CLANG_WARN_ENUM_CONVERSION = YES;
				CLANG_WARN_INFINITE_RECURSION = YES;
				CLANG_WARN_INT_CONVERSION = YES;
				CLANG_WARN_NON_LITERAL_NULL_CONVERSION = YES;
				CLANG_WARN_OBJC_IMPLICIT_RETAIN_SELF = YES;
				CLANG_WARN_OBJC_LITERAL_CONVERSION = YES;
				CLANG_WARN_OBJC_ROOT_CLASS = YES_ERROR;
				CLANG_WARN_RANGE_LOOP_ANALYSIS = YES;
				CLANG_WARN_STRICT_PROTOTYPES = YES;
				CLANG_WARN_SUSPICIOUS_MOVE = YES;
				CLANG_WARN_UNGUARDED_AVAILABILITY = YES_AGGRESSIVE;
				CLANG_WARN_UNREACHABLE_CODE = YES;
				CLANG_WARN__DUPLICATE_METHOD_MATCH = YES;
				CODE_SIGN_IDENTITY = "iPhone Developer";
				COPY_PHASE_STRIP = NO;
				DEBUG_INFORMATION_FORMAT = "dwarf-with-dsym";
				ENABLE_NS_ASSERTIONS = NO;
				ENABLE_STRICT_OBJC_MSGSEND = YES;
				GCC_C_LANGUAGE_STANDARD = gnu11;
				GCC_NO_COMMON_BLOCKS = YES;
				GCC_WARN_64_TO_32_BIT_CONVERSION = YES;
				GCC_WARN_ABOUT_RETURN_TYPE = YES_ERROR;
				GCC_WARN_UNDECLARED_SELECTOR = YES;
				GCC_WARN_UNINITIALIZED_AUTOS = YES_AGGRESSIVE;
				GCC_WARN_UNUSED_FUNCTION = YES;
				GCC_WARN_UNUSED_VARIABLE = YES;
				IPHONEOS_DEPLOYMENT_TARGET = 11.4;
				MTL_ENABLE_DEBUG_INFO = NO;
				SDKROOT = iphoneos;
				SWIFT_COMPILATION_MODE = wholemodule;
				SWIFT_OPTIMIZATION_LEVEL = "-O";
				VALIDATE_PRODUCT = YES;
			};
			name = Release;
		};
		4B3C8AE2210643FD0053877E /* Debug */ = {
			isa = XCBuildConfiguration;
			baseConfigurationReference = F46449992AE5E6C942F9F6C6 /* Pods-MapText.debug.xcconfig */;
			buildSettings = {
				ASSETCATALOG_COMPILER_APPICON_NAME = AppIcon;
				CODE_SIGN_IDENTITY = "iPhone Developer";
				CODE_SIGN_STYLE = Automatic;
				DEVELOPMENT_TEAM = 6DL2RV453J;
				INFOPLIST_FILE = "$(SRCROOT)/MapText/Supporting Files/Info.plist";
				LD_RUNPATH_SEARCH_PATHS = (
					"$(inherited)",
					"@executable_path/Frameworks",
				);
				PRODUCT_BUNDLE_IDENTIFIER = com.ronaldchan.MapText;
				PRODUCT_NAME = "$(TARGET_NAME)";
				PROVISIONING_PROFILE_SPECIFIER = "";
				SWIFT_VERSION = 4.0;
				TARGETED_DEVICE_FAMILY = "1,2";
			};
			name = Debug;
		};
		4B3C8AE3210643FD0053877E /* Release */ = {
			isa = XCBuildConfiguration;
			baseConfigurationReference = CA82F9FCA63A8138098038CF /* Pods-MapText.release.xcconfig */;
			buildSettings = {
				ASSETCATALOG_COMPILER_APPICON_NAME = AppIcon;
				CODE_SIGN_IDENTITY = "iPhone Developer";
				CODE_SIGN_STYLE = Automatic;
				DEVELOPMENT_TEAM = 6DL2RV453J;
				INFOPLIST_FILE = "$(SRCROOT)/MapText/Supporting Files/Info.plist";
				LD_RUNPATH_SEARCH_PATHS = (
					"$(inherited)",
					"@executable_path/Frameworks",
				);
				PRODUCT_BUNDLE_IDENTIFIER = com.ronaldchan.MapText;
				PRODUCT_NAME = "$(TARGET_NAME)";
				PROVISIONING_PROFILE_SPECIFIER = "";
				SWIFT_VERSION = 4.0;
				TARGETED_DEVICE_FAMILY = "1,2";
			};
			name = Release;
		};
/* End XCBuildConfiguration section */

/* Begin XCConfigurationList section */
		4B3C8ACA210643FC0053877E /* Build configuration list for PBXProject "MapText" */ = {
			isa = XCConfigurationList;
			buildConfigurations = (
				4B3C8ADF210643FD0053877E /* Debug */,
				4B3C8AE0210643FD0053877E /* Release */,
			);
			defaultConfigurationIsVisible = 0;
			defaultConfigurationName = Release;
		};
		4B3C8AE1210643FD0053877E /* Build configuration list for PBXNativeTarget "MapText" */ = {
			isa = XCConfigurationList;
			buildConfigurations = (
				4B3C8AE2210643FD0053877E /* Debug */,
				4B3C8AE3210643FD0053877E /* Release */,
			);
			defaultConfigurationIsVisible = 0;
			defaultConfigurationName = Release;
		};
/* End XCConfigurationList section */
	};
	rootObject = 4B3C8AC7210643FC0053877E /* Project object */;
}
